{
  "name": "com.mambojambostudios.unity-atoms",
  "version": "4.0.0",
  "lockfileVersion": 1,
  "requires": true,
  "dependencies": {
    "ansi-regex": {
      "version": "4.1.0",
      "resolved": "https://registry.npmjs.org/ansi-regex/-/ansi-regex-4.1.0.tgz",
      "integrity": "sha512-1apePfXM1UOSqw0o9IiFAovVz9M5S1Dg+4TrDwfMewQ6p/rmMueb7tWZjQ1rx4Loy1ArBggoqGpfqqdI4rondg==",
      "dev": true
    },
    "ansi-styles": {
      "version": "3.2.1",
      "resolved": "https://registry.npmjs.org/ansi-styles/-/ansi-styles-3.2.1.tgz",
      "integrity": "sha512-VT0ZI6kZRdTh8YyJw3SMbYm/u+NqfsAxEpWO0Pf9sq8/e94WxxOpPKx9FR1FlyCtOVDNOQ+8ntlqFxiRc+r5qA==",
      "dev": true,
      "requires": {
        "color-convert": "^1.9.0"
      }
    },
    "balanced-match": {
      "version": "1.0.0",
      "resolved": "https://registry.npmjs.org/balanced-match/-/balanced-match-1.0.0.tgz",
      "integrity": "sha1-ibTRmasr7kneFk6gK4nORi1xt2c=",
      "dev": true
    },
    "brace-expansion": {
      "version": "1.1.11",
      "resolved": "https://registry.npmjs.org/brace-expansion/-/brace-expansion-1.1.11.tgz",
      "integrity": "sha512-iCuPHDFgrHX7H2vEI/5xpz07zSHB00TpugqhmYtVmMO6518mCuRMoOYFldEBl0g187ufozdaHgWKcYFb61qGiA==",
      "dev": true,
      "requires": {
        "balanced-match": "^1.0.0",
        "concat-map": "0.0.1"
      }
    },
    "camelcase": {
      "version": "5.3.1",
      "resolved": "https://registry.npmjs.org/camelcase/-/camelcase-5.3.1.tgz",
      "integrity": "sha512-L28STB170nwWS63UjtlEOE3dldQApaJXZkOI1uMFfzf3rRuPegHaHesyee+YxQ+W6SvRDQV6UrdOdRiR153wJg==",
      "dev": true
    },
    "cliui": {
      "version": "5.0.0",
      "resolved": "https://registry.npmjs.org/cliui/-/cliui-5.0.0.tgz",
      "integrity": "sha512-PYeGSEmmHM6zvoef2w8TPzlrnNpXIjTipYK780YswmIP9vjxmd6Y2a3CB2Ks6/AU8NHjZugXvo8w3oWM2qnwXA==",
      "dev": true,
      "requires": {
        "string-width": "^3.1.0",
        "strip-ansi": "^5.2.0",
        "wrap-ansi": "^5.1.0"
      }
    },
    "color-convert": {
      "version": "1.9.3",
      "resolved": "https://registry.npmjs.org/color-convert/-/color-convert-1.9.3.tgz",
      "integrity": "sha512-QfAUtd+vFdAtFQcC8CCyYt1fYWxSqAiK2cSD6zDB8N3cpsEBAvRxp9zOGg6G/SHHJYAT88/az/IuDGALsNVbGg==",
      "dev": true,
      "requires": {
        "color-name": "1.1.3"
      }
    },
    "color-name": {
      "version": "1.1.3",
      "resolved": "https://registry.npmjs.org/color-name/-/color-name-1.1.3.tgz",
      "integrity": "sha1-p9BVi9icQveV3UIyj3QIMcpTvCU=",
      "dev": true
    },
    "concat-map": {
      "version": "0.0.1",
      "resolved": "https://registry.npmjs.org/concat-map/-/concat-map-0.0.1.tgz",
      "integrity": "sha1-2Klr13/Wjfd5OnMDajug1UBdR3s=",
      "dev": true
    },
    "decamelize": {
      "version": "1.2.0",
      "resolved": "https://registry.npmjs.org/decamelize/-/decamelize-1.2.0.tgz",
      "integrity": "sha1-9lNNFRSCabIDUue+4m9QH5oZEpA=",
      "dev": true
    },
    "define-properties": {
      "version": "1.1.3",
      "resolved": "https://registry.npmjs.org/define-properties/-/define-properties-1.1.3.tgz",
      "integrity": "sha512-3MqfYKj2lLzdMSf8ZIZE/V+Zuy+BgD6f164e8K2w7dgnpKArBDerGYpM46IYYcjnkdPNMjPk9A6VFB8+3SKlXQ==",
      "dev": true,
      "requires": {
        "object-keys": "^1.0.12"
      }
    },
    "emoji-regex": {
      "version": "7.0.3",
      "resolved": "https://registry.npmjs.org/emoji-regex/-/emoji-regex-7.0.3.tgz",
      "integrity": "sha512-CwBLREIQ7LvYFB0WyRvwhq5N5qPhc6PMjD6bYggFlI5YyDgl+0vxq5VHbMOFqLg7hfWzmu8T5Z1QofhmTIhItA==",
      "dev": true
    },
    "es-abstract": {
      "version": "1.16.2",
      "resolved": "https://registry.npmjs.org/es-abstract/-/es-abstract-1.16.2.tgz",
      "integrity": "sha512-jYo/J8XU2emLXl3OLwfwtuFfuF2w6DYPs+xy9ZfVyPkDcrauu6LYrw/q2TyCtrbc/KUdCiC5e9UajRhgNkVopA==",
      "dev": true,
      "requires": {
        "es-to-primitive": "^1.2.1",
        "function-bind": "^1.1.1",
        "has": "^1.0.3",
        "has-symbols": "^1.0.1",
        "is-callable": "^1.1.4",
        "is-regex": "^1.0.4",
        "object-inspect": "^1.7.0",
        "object-keys": "^1.1.1",
        "string.prototype.trimleft": "^2.1.0",
        "string.prototype.trimright": "^2.1.0"
      }
    },
    "es-to-primitive": {
      "version": "1.2.1",
      "resolved": "https://registry.npmjs.org/es-to-primitive/-/es-to-primitive-1.2.1.tgz",
      "integrity": "sha512-QCOllgZJtaUo9miYBcLChTUaHNjJF3PYs1VidD7AwiEj1kYxKeQTctLAezAOH5ZKRH0g2IgPn6KwB4IT8iRpvA==",
      "dev": true,
      "requires": {
        "is-callable": "^1.1.4",
        "is-date-object": "^1.0.1",
        "is-symbol": "^1.0.2"
      }
    },
    "find-up": {
      "version": "3.0.0",
      "resolved": "https://registry.npmjs.org/find-up/-/find-up-3.0.0.tgz",
      "integrity": "sha512-1yD6RmLI1XBfxugvORwlck6f75tYL+iR0jqwsOrOxMZyGYqUuDhJ0l4AXdO1iX/FTs9cBAMEk1gWSEx1kSbylg==",
      "dev": true,
      "requires": {
        "locate-path": "^3.0.0"
      }
    },
    "fs.realpath": {
      "version": "1.0.0",
      "resolved": "https://registry.npmjs.org/fs.realpath/-/fs.realpath-1.0.0.tgz",
      "integrity": "sha1-FQStJSMVjKpA20onh8sBQRmU6k8=",
      "dev": true
    },
    "function-bind": {
      "version": "1.1.1",
      "resolved": "https://registry.npmjs.org/function-bind/-/function-bind-1.1.1.tgz",
      "integrity": "sha512-yIovAzMX49sF8Yl58fSCWJ5svSLuaibPxXQJFLmBObTuCr0Mf1KiPopGM9NiFjiYBCbfaa2Fh6breQ6ANVTI0A==",
      "dev": true
    },
    "get-caller-file": {
      "version": "2.0.5",
      "resolved": "https://registry.npmjs.org/get-caller-file/-/get-caller-file-2.0.5.tgz",
      "integrity": "sha512-DyFP3BM/3YHTQOCUL/w0OZHR0lpKeGrxotcHWcqNEdnltqFwXVfhEBQ94eIo34AfQpo0rGki4cyIiftY06h2Fg==",
      "dev": true
    },
    "glob": {
      "version": "7.1.6",
      "resolved": "https://registry.npmjs.org/glob/-/glob-7.1.6.tgz",
      "integrity": "sha512-LwaxwyZ72Lk7vZINtNNrywX0ZuLyStrdDtabefZKAY5ZGJhVtgdznluResxNmPitE0SAO+O26sWTHeKSI2wMBA==",
      "dev": true,
      "requires": {
        "fs.realpath": "^1.0.0",
        "inflight": "^1.0.4",
        "inherits": "2",
        "minimatch": "^3.0.4",
        "once": "^1.3.0",
        "path-is-absolute": "^1.0.0"
      }
    },
    "has": {
      "version": "1.0.3",
      "resolved": "https://registry.npmjs.org/has/-/has-1.0.3.tgz",
      "integrity": "sha512-f2dvO0VU6Oej7RkWJGrehjbzMAjFp5/VKPp5tTpWIV4JHHZK1/BxbFRtf/siA2SWTe09caDmVtYYzWEIbBS4zw==",
      "dev": true,
      "requires": {
        "function-bind": "^1.1.1"
      }
    },
    "has-symbols": {
      "version": "1.0.1",
      "resolved": "https://registry.npmjs.org/has-symbols/-/has-symbols-1.0.1.tgz",
      "integrity": "sha512-PLcsoqu++dmEIZB+6totNFKq/7Do+Z0u4oT0zKOJNl3lYK6vGwwu2hjHs+68OEZbTjiUE9bgOABXbP/GvrS0Kg==",
      "dev": true
    },
    "inflight": {
      "version": "1.0.6",
      "resolved": "https://registry.npmjs.org/inflight/-/inflight-1.0.6.tgz",
      "integrity": "sha1-Sb1jMdfQLQwJvJEKEHW6gWW1bfk=",
      "dev": true,
      "requires": {
        "once": "^1.3.0",
        "wrappy": "1"
      }
    },
    "inherits": {
      "version": "2.0.4",
      "resolved": "https://registry.npmjs.org/inherits/-/inherits-2.0.4.tgz",
      "integrity": "sha512-k/vGaX4/Yla3WzyMCvTQOXYeIHvqOKtnqBduzTHpzpQZzAskKMhZ2K+EnBiSM9zGSoIFeMpXKxa4dYeZIQqewQ==",
      "dev": true
    },
    "is-callable": {
      "version": "1.1.4",
      "resolved": "https://registry.npmjs.org/is-callable/-/is-callable-1.1.4.tgz",
      "integrity": "sha512-r5p9sxJjYnArLjObpjA4xu5EKI3CuKHkJXMhT7kwbpUyIFD1n5PMAsoPvWnvtZiNz7LjkYDRZhd7FlI0eMijEA==",
      "dev": true
    },
    "is-date-object": {
      "version": "1.0.1",
      "resolved": "https://registry.npmjs.org/is-date-object/-/is-date-object-1.0.1.tgz",
      "integrity": "sha1-mqIOtq7rv/d/vTPnTKAbM1gdOhY=",
      "dev": true
    },
    "is-fullwidth-code-point": {
      "version": "2.0.0",
      "resolved": "https://registry.npmjs.org/is-fullwidth-code-point/-/is-fullwidth-code-point-2.0.0.tgz",
      "integrity": "sha1-o7MKXE8ZkYMWeqq5O+764937ZU8=",
      "dev": true
    },
    "is-regex": {
      "version": "1.0.4",
      "resolved": "https://registry.npmjs.org/is-regex/-/is-regex-1.0.4.tgz",
      "integrity": "sha1-VRdIm1RwkbCTDglWVM7SXul+lJE=",
      "dev": true,
      "requires": {
        "has": "^1.0.1"
      }
    },
    "is-symbol": {
      "version": "1.0.3",
      "resolved": "https://registry.npmjs.org/is-symbol/-/is-symbol-1.0.3.tgz",
      "integrity": "sha512-OwijhaRSgqvhm/0ZdAcXNZt9lYdKFpcRDT5ULUuYXPoT794UNOdU+gpT6Rzo7b4V2HUl/op6GqY894AZwv9faQ==",
      "dev": true,
      "requires": {
        "has-symbols": "^1.0.1"
      }
    },
    "locate-path": {
      "version": "3.0.0",
      "resolved": "https://registry.npmjs.org/locate-path/-/locate-path-3.0.0.tgz",
      "integrity": "sha512-7AO748wWnIhNqAuaty2ZWHkQHRSNfPVIsPIfwEOWO22AmaoVrWavlOcMR5nzTLNYvp36X220/maaRsrec1G65A==",
      "dev": true,
      "requires": {
        "p-locate": "^3.0.0",
        "path-exists": "^3.0.0"
      }
    },
    "minimatch": {
      "version": "3.0.4",
      "resolved": "https://registry.npmjs.org/minimatch/-/minimatch-3.0.4.tgz",
      "integrity": "sha512-yJHVQEhyqPLUTgt9B83PXu6W3rx4MvvHvSUvToogpwoGDOUQ+yDrR0HRot+yOCdCO7u4hX3pWft6kWBBcqh0UA==",
      "dev": true,
      "requires": {
        "brace-expansion": "^1.1.7"
      }
    },
    "object-inspect": {
      "version": "1.7.0",
      "resolved": "https://registry.npmjs.org/object-inspect/-/object-inspect-1.7.0.tgz",
      "integrity": "sha512-a7pEHdh1xKIAgTySUGgLMx/xwDZskN1Ud6egYYN3EdRW4ZMPNEDUTF+hwy2LUC+Bl+SyLXANnwz/jyh/qutKUw==",
      "dev": true
    },
    "object-keys": {
      "version": "1.1.1",
      "resolved": "https://registry.npmjs.org/object-keys/-/object-keys-1.1.1.tgz",
      "integrity": "sha512-NuAESUOUMrlIXOfHKzD6bpPu3tYt3xvjNdRIQ+FeT0lNb4K8WR70CaDxhuNguS2XG+GjkyMwOzsN5ZktImfhLA==",
      "dev": true
    },
    "object.getownpropertydescriptors": {
      "version": "2.0.3",
      "resolved": "https://registry.npmjs.org/object.getownpropertydescriptors/-/object.getownpropertydescriptors-2.0.3.tgz",
      "integrity": "sha1-h1jIRvW0B62rDyNuCYbxSwUcqhY=",
      "dev": true,
      "requires": {
        "define-properties": "^1.1.2",
        "es-abstract": "^1.5.1"
      }
    },
    "once": {
      "version": "1.4.0",
      "resolved": "https://registry.npmjs.org/once/-/once-1.4.0.tgz",
      "integrity": "sha1-WDsap3WWHUsROsF9nFC6753Xa9E=",
      "dev": true,
      "requires": {
        "wrappy": "1"
      }
    },
    "p-limit": {
      "version": "2.2.1",
      "resolved": "https://registry.npmjs.org/p-limit/-/p-limit-2.2.1.tgz",
      "integrity": "sha512-85Tk+90UCVWvbDavCLKPOLC9vvY8OwEX/RtKF+/1OADJMVlFfEHOiMTPVyxg7mk/dKa+ipdHm0OUkTvCpMTuwg==",
      "dev": true,
      "requires": {
        "p-try": "^2.0.0"
      }
    },
    "p-locate": {
      "version": "3.0.0",
      "resolved": "https://registry.npmjs.org/p-locate/-/p-locate-3.0.0.tgz",
      "integrity": "sha512-x+12w/To+4GFfgJhBEpiDcLozRJGegY+Ei7/z0tSLkMmxGZNybVMSfWj9aJn8Z5Fc7dBUNJOOVgPv2H7IwulSQ==",
      "dev": true,
      "requires": {
        "p-limit": "^2.0.0"
      }
    },
    "p-try": {
      "version": "2.2.0",
      "resolved": "https://registry.npmjs.org/p-try/-/p-try-2.2.0.tgz",
      "integrity": "sha512-R4nPAVTAU0B9D35/Gk3uJf/7XYbQcyohSKdvAxIRSNghFl4e71hVoGnBNQz9cWaXxO2I10KTC+3jMdvvoKw6dQ==",
      "dev": true
    },
    "path-exists": {
      "version": "3.0.0",
      "resolved": "https://registry.npmjs.org/path-exists/-/path-exists-3.0.0.tgz",
      "integrity": "sha1-zg6+ql94yxiSXqfYENe1mwEP1RU=",
      "dev": true
    },
    "path-is-absolute": {
      "version": "1.0.1",
      "resolved": "https://registry.npmjs.org/path-is-absolute/-/path-is-absolute-1.0.1.tgz",
      "integrity": "sha1-F0uSaHNVNP+8es5r9TpanhtcX18=",
      "dev": true
    },
    "require-directory": {
      "version": "2.1.1",
      "resolved": "https://registry.npmjs.org/require-directory/-/require-directory-2.1.1.tgz",
      "integrity": "sha1-jGStX9MNqxyXbiNE/+f3kqam30I=",
      "dev": true
    },
    "require-main-filename": {
      "version": "2.0.0",
      "resolved": "https://registry.npmjs.org/require-main-filename/-/require-main-filename-2.0.0.tgz",
      "integrity": "sha512-NKN5kMDylKuldxYLSUfrbo5Tuzh4hd+2E8NPPX02mZtn1VuREQToYe/ZdlJy+J3uCpfaiGF05e7B8W0iXbQHmg==",
      "dev": true
    },
    "rimraf": {
      "version": "3.0.0",
      "resolved": "https://registry.npmjs.org/rimraf/-/rimraf-3.0.0.tgz",
      "integrity": "sha512-NDGVxTsjqfunkds7CqsOiEnxln4Bo7Nddl3XhS4pXg5OzwkLqJ971ZVAAnB+DDLnF76N+VnDEiBHaVV8I06SUg==",
      "dev": true,
      "requires": {
        "glob": "^7.1.3"
      }
    },
    "sax": {
      "version": "1.2.4",
      "resolved": "https://registry.npmjs.org/sax/-/sax-1.2.4.tgz",
      "integrity": "sha512-NqVDv9TpANUjFm0N8uM5GxL36UgKi9/atZw+x7YFnQ8ckwFGKrl4xX4yWtrey3UJm5nP1kUbnYgLopqWNSRhWw==",
      "dev": true
    },
    "set-blocking": {
      "version": "2.0.0",
      "resolved": "https://registry.npmjs.org/set-blocking/-/set-blocking-2.0.0.tgz",
      "integrity": "sha1-BF+XgtARrppoA93TgrJDkrPYkPc=",
      "dev": true
    },
    "string-width": {
      "version": "3.1.0",
      "resolved": "https://registry.npmjs.org/string-width/-/string-width-3.1.0.tgz",
      "integrity": "sha512-vafcv6KjVZKSgz06oM/H6GDBrAtz8vdhQakGjFIvNrHA6y3HCF1CInLy+QLq8dTJPQ1b+KDUqDFctkdRW44e1w==",
      "dev": true,
      "requires": {
        "emoji-regex": "^7.0.1",
        "is-fullwidth-code-point": "^2.0.0",
        "strip-ansi": "^5.1.0"
      }
    },
    "string.prototype.trimleft": {
      "version": "2.1.0",
      "resolved": "https://registry.npmjs.org/string.prototype.trimleft/-/string.prototype.trimleft-2.1.0.tgz",
      "integrity": "sha512-FJ6b7EgdKxxbDxc79cOlok6Afd++TTs5szo+zJTUyow3ycrRfJVE2pq3vcN53XexvKZu/DJMDfeI/qMiZTrjTw==",
      "dev": true,
      "requires": {
        "define-properties": "^1.1.3",
        "function-bind": "^1.1.1"
      }
    },
    "string.prototype.trimright": {
      "version": "2.1.0",
      "resolved": "https://registry.npmjs.org/string.prototype.trimright/-/string.prototype.trimright-2.1.0.tgz",
      "integrity": "sha512-fXZTSV55dNBwv16uw+hh5jkghxSnc5oHq+5K/gXgizHwAvMetdAJlHqqoFC1FSDVPYWLkAKl2cxpUT41sV7nSg==",
      "dev": true,
      "requires": {
        "define-properties": "^1.1.3",
        "function-bind": "^1.1.1"
      }
    },
    "strip-ansi": {
      "version": "5.2.0",
      "resolved": "https://registry.npmjs.org/strip-ansi/-/strip-ansi-5.2.0.tgz",
      "integrity": "sha512-DuRs1gKbBqsMKIZlrffwlug8MHkcnpjs5VPmL1PAh+mA30U0DTotfDZ0d2UUsXpPmPmMMJ6W773MaA3J+lbiWA==",
      "dev": true,
      "requires": {
        "ansi-regex": "^4.1.0"
      }
    },
    "util.promisify": {
      "version": "1.0.0",
      "resolved": "https://registry.npmjs.org/util.promisify/-/util.promisify-1.0.0.tgz",
      "integrity": "sha512-i+6qA2MPhvoKLuxnJNpXAGhg7HphQOSUq2LKMZD0m15EiskXUkMvKdF4Uui0WYeCUGea+o2cw/ZuwehtfsrNkA==",
      "dev": true,
      "requires": {
        "define-properties": "^1.1.2",
        "object.getownpropertydescriptors": "^2.0.3"
      }
    },
    "which-module": {
      "version": "2.0.0",
      "resolved": "https://registry.npmjs.org/which-module/-/which-module-2.0.0.tgz",
      "integrity": "sha1-2e8H3Od7mQK4o6j6SzHD4/fm6Ho=",
      "dev": true
    },
    "wrap-ansi": {
      "version": "5.1.0",
      "resolved": "https://registry.npmjs.org/wrap-ansi/-/wrap-ansi-5.1.0.tgz",
      "integrity": "sha512-QC1/iN/2/RPVJ5jYK8BGttj5z83LmSKmvbvrXPNCLZSEb32KKVDJDl/MOt2N01qU2H/FkzEa9PKto1BqDjtd7Q==",
      "dev": true,
      "requires": {
        "ansi-styles": "^3.2.0",
        "string-width": "^3.0.0",
        "strip-ansi": "^5.0.0"
      }
    },
    "wrappy": {
      "version": "1.0.2",
      "resolved": "https://registry.npmjs.org/wrappy/-/wrappy-1.0.2.tgz",
      "integrity": "sha1-tSQ9jz7BqjXxNkYFvA0QNuMKtp8=",
      "dev": true
    },
    "xml2js": {
      "version": "0.4.22",
      "resolved": "https://registry.npmjs.org/xml2js/-/xml2js-0.4.22.tgz",
      "integrity": "sha512-MWTbxAQqclRSTnehWWe5nMKzI3VmJ8ltiJEco8akcC6j3miOhjjfzKum5sId+CWhfxdOs/1xauYr8/ZDBtQiRw==",
      "dev": true,
      "requires": {
        "sax": ">=0.6.0",
        "util.promisify": "~1.0.0",
        "xmlbuilder": "~11.0.0"
      }
    },
    "xmlbuilder": {
      "version": "11.0.1",
      "resolved": "https://registry.npmjs.org/xmlbuilder/-/xmlbuilder-11.0.1.tgz",
      "integrity": "sha512-fDlsI/kFEx7gLvbecc0/ohLG50fugQp8ryHzMTuW9vSa1GJ0XYWKnhsUx7oie3G98+r56aTQIUB4kht42R3JvA==",
      "dev": true
    },
    "y18n": {
      "version": "4.0.0",
      "resolved": "https://registry.npmjs.org/y18n/-/y18n-4.0.0.tgz",
      "integrity": "sha512-r9S/ZyXu/Xu9q1tYlpsLIsa3EeLXXk0VwlxqTcFRfg9EhMW+17kbt9G0NrgCmhGb5vT2hyhJZLfDGx+7+5Uj/w==",
      "dev": true
    },
    "yargs": {
      "version": "14.2.2",
      "resolved": "https://registry.npmjs.org/yargs/-/yargs-14.2.2.tgz",
      "integrity": "sha512-/4ld+4VV5RnrynMhPZJ/ZpOCGSCeghMykZ3BhdFBDa9Wy/RH6uEGNWDJog+aUlq+9OM1CFTgtYRW5Is1Po9NOA==",
      "dev": true,
      "requires": {
        "cliui": "^5.0.0",
        "decamelize": "^1.2.0",
        "find-up": "^3.0.0",
        "get-caller-file": "^2.0.1",
        "require-directory": "^2.1.1",
        "require-main-filename": "^2.0.0",
        "set-blocking": "^2.0.0",
        "string-width": "^3.0.0",
        "which-module": "^2.0.0",
        "y18n": "^4.0.0",
        "yargs-parser": "^15.0.0"
      }
    },
    "yargs-parser": {
      "version": "15.0.0",
      "resolved": "https://registry.npmjs.org/yargs-parser/-/yargs-parser-15.0.0.tgz",
      "integrity": "sha512-xLTUnCMc4JhxrPEPUYD5IBR1mWCK/aT6+RJ/K29JY2y1vD+FhtgKK0AXRWvI262q3QSffAQuTouFIKUuHX89wQ==",
      "dev": true,
      "requires": {
        "camelcase": "^5.0.0",
        "decamelize": "^1.2.0"
      }
    }
  }
}
